
Microsoft Visual Studio Solution File, Format Version 12.00
# Visual Studio Version 17
VisualStudioVersion = 17.3.32929.385
MinimumVisualStudioVersion = 10.0.40219.1
Project("{FAE04EC0-301F-11D3-BF4B-00C04F79EFBC}") = "WebApiAutores", "WebApiAutores\WebApiAutores.csproj", "{C54650FA-B87B-46F4-A454-F847D5BF9DFD}"
EndProject
Global
	GlobalSection(SolutionConfigurationPlatforms) = preSolution
		Debug|Any CPU = Debug|Any CPU
		Release|Any CPU = Release|Any CPU
	EndGlobalSection
	GlobalSection(ProjectConfigurationPlatforms) = postSolution
		{C54650FA-B87B-46F4-A454-F847D5BF9DFD}.Debug|Any CPU.ActiveCfg = Debug|Any CPU
		{C54650FA-B87B-46F4-A454-F847D5BF9DFD}.Debug|Any CPU.Build.0 = Debug|Any CPU
		{C54650FA-B87B-46F4-A454-F847D5BF9DFD}.Release|Any CPU.ActiveCfg = Release|Any CPU
		{C54650FA-B87B-46F4-A454-F847D5BF9DFD}.Release|Any CPU.Build.0 = Release|Any CPU
	EndGlobalSection
	GlobalSection(SolutionProperties) = preSolution
		HideSolutionNode = FALSE
	EndGlobalSection
	GlobalSection(ExtensibilityGlobals) = postSolution
		SolutionGuid = {671C7E25-B105-40EB-87EF-8F0A9D2B8B34}
	EndGlobalSection
EndGlobal
